{
  "name": "hyperliquid-contributor-example",
  "version": "1.0.0",
  "lockfileVersion": 3,
  "requires": true,
  "packages": {
    "": {
      "name": "hyperliquid-contributor-example",
      "version": "1.0.0",
      "dependencies": {
        "@ctxprotocol/sdk": "^0.5.5",
        "@modelcontextprotocol/sdk": "^1.0.0",
        "@nktkas/hyperliquid": "^0.30.2",
        "dotenv": "^16.4.5",
        "express": "^4.19.2"
      },
      "devDependencies": {
        "@types/express": "^4.17.21",
        "@types/node": "^20.0.0",
        "tsx": "^4.19.1"
      }
    },
    "../../../node_modules/.pnpm/@ctxprotocol+sdk@0.5.5/node_modules/@ctxprotocol/sdk": {
      "version": "0.5.5",
      "license": "MIT",
      "dependencies": {
        "jose": "^6.1.3"
      },
      "devDependencies": {
        "tsup": "^8.3.5",
        "typescript": "^5.7.2"
      },
      "engines": {
        "node": ">=18.0.0"
      }
    },
    "../../../node_modules/.pnpm/@modelcontextprotocol+sdk@1.24.3_zod@4.1.13/node_modules/@modelcontextprotocol/sdk": {
      "version": "1.24.3",
      "license": "MIT",
      "dependencies": {
        "ajv": "^8.17.1",
        "ajv-formats": "^3.0.1",
        "content-type": "^1.0.5",
        "cors": "^2.8.5",
        "cross-spawn": "^7.0.5",
        "eventsource": "^3.0.2",
        "eventsource-parser": "^3.0.0",
        "express": "^5.0.1",
        "express-rate-limit": "^7.5.0",
        "jose": "^6.1.1",
        "pkce-challenge": "^5.0.0",
        "raw-body": "^3.0.0",
        "zod": "^3.25 || ^4.0",
        "zod-to-json-schema": "^3.25.0"
      },
      "devDependencies": {
        "@cfworker/json-schema": "^4.1.1",
        "@eslint/js": "^9.39.1",
        "@types/content-type": "^1.1.8",
        "@types/cors": "^2.8.17",
        "@types/cross-spawn": "^6.0.6",
        "@types/eventsource": "^1.1.15",
        "@types/express": "^5.0.0",
        "@types/express-serve-static-core": "^5.1.0",
        "@types/node": "^22.12.0",
        "@types/supertest": "^6.0.2",
        "@types/ws": "^8.5.12",
        "@typescript/native-preview": "^7.0.0-dev.20251103.1",
        "eslint": "^9.8.0",
        "eslint-config-prettier": "^10.1.8",
        "eslint-plugin-n": "^17.23.1",
        "prettier": "3.6.2",
        "supertest": "^7.0.0",
        "tsx": "^4.16.5",
        "typescript": "^5.5.4",
        "typescript-eslint": "^8.48.1",
        "vitest": "^4.0.8",
        "ws": "^8.18.0"
      },
      "engines": {
        "node": ">=18"
      },
      "peerDependencies": {
        "@cfworker/json-schema": "^4.1.1",
        "zod": "^3.25 || ^4.0"
      },
      "peerDependenciesMeta": {
        "@cfworker/json-schema": {
          "optional": true
        },
        "zod": {
          "optional": false
        }
      }
    },
    "../../../node_modules/.pnpm/@types+express@4.17.25/node_modules/@types/express": {
      "version": "4.17.25",
      "dev": true,
      "license": "MIT",
      "dependencies": {
        "@types/body-parser": "*",
        "@types/express-serve-static-core": "^4.17.33",
        "@types/qs": "*",
        "@types/serve-static": "^1"
      }
    },
    "../../../node_modules/.pnpm/@types+node@20.19.26/node_modules/@types/node": {
      "version": "20.19.26",
      "dev": true,
      "license": "MIT",
      "dependencies": {
        "undici-types": "~6.21.0"
      }
    },
    "../../../node_modules/.pnpm/dotenv@16.6.1/node_modules/dotenv": {
      "version": "16.6.1",
      "license": "BSD-2-Clause",
      "devDependencies": {
        "@types/node": "^18.11.3",
        "decache": "^4.6.2",
        "sinon": "^14.0.1",
        "standard": "^17.0.0",
        "standard-version": "^9.5.0",
        "tap": "^19.2.0",
        "typescript": "^4.8.4"
      },
      "engines": {
        "node": ">=12"
      },
      "funding": {
        "url": "https://dotenvx.com"
      }
    },
    "../../../node_modules/.pnpm/express@4.22.1/node_modules/express": {
      "version": "4.22.1",
      "license": "MIT",
      "dependencies": {
        "accepts": "~1.3.8",
        "array-flatten": "1.1.1",
        "body-parser": "~1.20.3",
        "content-disposition": "~0.5.4",
        "content-type": "~1.0.4",
        "cookie": "~0.7.1",
        "cookie-signature": "~1.0.6",
        "debug": "2.6.9",
        "depd": "2.0.0",
        "encodeurl": "~2.0.0",
        "escape-html": "~1.0.3",
        "etag": "~1.8.1",
        "finalhandler": "~1.3.1",
        "fresh": "~0.5.2",
        "http-errors": "~2.0.0",
        "merge-descriptors": "1.0.3",
        "methods": "~1.1.2",
        "on-finished": "~2.4.1",
        "parseurl": "~1.3.3",
        "path-to-regexp": "~0.1.12",
        "proxy-addr": "~2.0.7",
        "qs": "~6.14.0",
        "range-parser": "~1.2.1",
        "safe-buffer": "5.2.1",
        "send": "~0.19.0",
        "serve-static": "~1.16.2",
        "setprototypeof": "1.2.0",
        "statuses": "~2.0.1",
        "type-is": "~1.6.18",
        "utils-merge": "1.0.1",
        "vary": "~1.1.2"
      },
      "devDependencies": {
        "after": "0.8.2",
        "connect-redis": "3.4.2",
        "cookie-parser": "1.4.6",
        "cookie-session": "2.0.0",
        "ejs": "3.1.9",
        "eslint": "8.47.0",
        "express-session": "1.17.2",
        "hbs": "4.2.0",
        "marked": "0.7.0",
        "method-override": "3.0.0",
        "mocha": "^6.2.2",
        "morgan": "1.10.0",
        "nyc": "^14.1.1",
        "pbkdf2-password": "1.2.1",
        "supertest": "^6.1.6",
        "vhost": "~3.0.2"
      },
      "engines": {
        "node": ">= 0.10.0"
      },
      "funding": {
        "type": "opencollective",
        "url": "https://opencollective.com/express"
      }
    },
    "../../../node_modules/.pnpm/tsx@4.21.0/node_modules/tsx": {
      "version": "4.21.0",
      "dev": true,
      "license": "MIT",
      "dependencies": {
        "esbuild": "~0.27.0",
        "get-tsconfig": "^4.7.5"
      },
      "bin": {
        "tsx": "dist/cli.mjs"
      },
      "engines": {
        "node": ">=18.0.0"
      },
      "optionalDependencies": {
        "fsevents": "~2.3.3"
      }
    },
    "node_modules/@ctxprotocol/sdk": {
      "resolved": "../../../node_modules/.pnpm/@ctxprotocol+sdk@0.5.5/node_modules/@ctxprotocol/sdk",
      "link": true
    },
    "node_modules/@modelcontextprotocol/sdk": {
      "resolved": "../../../node_modules/.pnpm/@modelcontextprotocol+sdk@1.24.3_zod@4.1.13/node_modules/@modelcontextprotocol/sdk",
      "link": true
    },
    "node_modules/@nktkas/hyperliquid": {
      "version": "0.30.2",
      "resolved": "https://registry.npmjs.org/@nktkas/hyperliquid/-/hyperliquid-0.30.2.tgz",
      "integrity": "sha512-xz1/oGRunLxY1z1FOsCsXUFOWx8ADL3vL87pQkpl68gIxHT6Duf5z18uxFQWxlPPyB5PHYmpudlziJ6xVPB4Vw==",
      "license": "MIT",
      "dependencies": {
        "@nktkas/rews": "^1.2.3",
        "@noble/hashes": "^2.0.1",
        "micro-eth-signer": "^0.18.1",
        "valibot": "1.2.0"
      },
      "bin": {
        "hyperliquid": "esm/bin/cli.js"
      },
      "engines": {
        "node": ">=20.19.0"
      }
    },
    "node_modules/@nktkas/rews": {
      "version": "1.2.3",
      "resolved": "https://registry.npmjs.org/@nktkas/rews/-/rews-1.2.3.tgz",
      "integrity": "sha512-cpfcIlkUpYlbAI1cvfCTBCajWZfUM6gWyuCJXszECKxdetsU3vURKC8Sz//MDR6RWoULk9T48eJ+0agxT7yB1w==",
      "license": "MIT",
      "engines": {
        "node": ">=20.19.0"
      }
    },
    "node_modules/@noble/curves": {
      "version": "2.0.1",
      "resolved": "https://registry.npmjs.org/@noble/curves/-/curves-2.0.1.tgz",
      "integrity": "sha512-vs1Az2OOTBiP4q0pwjW5aF0xp9n4MxVrmkFBxc6EKZc6ddYx5gaZiAsZoq0uRRXWbi3AT/sBqn05eRPtn1JCPw==",
      "license": "MIT",
      "dependencies": {
        "@noble/hashes": "2.0.1"
      },
      "engines": {
        "node": ">= 20.19.0"
      },
      "funding": {
        "url": "https://paulmillr.com/funding/"
      }
    },
    "node_modules/@noble/hashes": {
      "version": "2.0.1",
      "resolved": "https://registry.npmjs.org/@noble/hashes/-/hashes-2.0.1.tgz",
      "integrity": "sha512-XlOlEbQcE9fmuXxrVTXCTlG2nlRXa9Rj3rr5Ue/+tX+nmkgbX720YHh0VR3hBF9xDvwnb8D2shVGOwNx+ulArw==",
      "license": "MIT",
      "engines": {
        "node": ">= 20.19.0"
      },
      "funding": {
        "url": "https://paulmillr.com/funding/"
      }
    },
    "node_modules/@scure/base": {
      "version": "2.0.0",
      "resolved": "https://registry.npmjs.org/@scure/base/-/base-2.0.0.tgz",
      "integrity": "sha512-3E1kpuZginKkek01ovG8krQ0Z44E3DHPjc5S2rjJw9lZn3KSQOs8S7wqikF/AH7iRanHypj85uGyxk0XAyC37w==",
      "license": "MIT",
      "funding": {
        "url": "https://paulmillr.com/funding/"
      }
    },
    "node_modules/@types/express": {
      "resolved": "../../../node_modules/.pnpm/@types+express@4.17.25/node_modules/@types/express",
      "link": true
    },
    "node_modules/@types/node": {
      "resolved": "../../../node_modules/.pnpm/@types+node@20.19.26/node_modules/@types/node",
      "link": true
    },
    "node_modules/dotenv": {
      "resolved": "../../../node_modules/.pnpm/dotenv@16.6.1/node_modules/dotenv",
      "link": true
    },
    "node_modules/express": {
      "resolved": "../../../node_modules/.pnpm/express@4.22.1/node_modules/express",
      "link": true
    },
    "node_modules/micro-eth-signer": {
      "version": "0.18.1",
      "resolved": "https://registry.npmjs.org/micro-eth-signer/-/micro-eth-signer-0.18.1.tgz",
      "integrity": "sha512-vXKhCZxrytpl+dXR9JeaE41ZVFndi7wCKc1Jd22smOMAeDErvRcXaTxhYUf1yQxis4n2kIdv/pH7iuf+5/cj+Q==",
      "license": "MIT",
      "dependencies": {
        "@noble/curves": "^2.0.0",
        "@noble/hashes": "^2.0.0",
        "micro-packed": "^0.8.0"
      },
      "engines": {
        "node": ">= 20.19.0"
      }
    },
    "node_modules/micro-packed": {
      "version": "0.8.0",
      "resolved": "https://registry.npmjs.org/micro-packed/-/micro-packed-0.8.0.tgz",
      "integrity": "sha512-AKb8znIvg9sooythbXzyFeChEY0SkW0C6iXECpy/ls0e5BtwXO45J9wD9SLzBztnS4XmF/5kwZknsq+jyynd/A==",
      "license": "MIT",
      "dependencies": {
        "@scure/base": "2.0.0"
      },
      "engines": {
        "node": ">= 20.19.0"
      },
      "funding": {
        "url": "https://paulmillr.com/funding/"
      }
    },
    "node_modules/tsx": {
      "resolved": "../../../node_modules/.pnpm/tsx@4.21.0/node_modules/tsx",
      "link": true
    },
    "node_modules/valibot": {
      "version": "1.2.0",
      "resolved": "https://registry.npmjs.org/valibot/-/valibot-1.2.0.tgz",
      "integrity": "sha512-mm1rxUsmOxzrwnX5arGS+U4T25RdvpPjPN4yR0u9pUBov9+zGVtO84tif1eY4r6zWxVxu3KzIyknJy3rxfRZZg==",
      "license": "MIT",
      "peerDependencies": {
        "typescript": ">=5"
      },
      "peerDependenciesMeta": {
        "typescript": {
          "optional": true
        }
      }
    }
  }
}
